
Microsoft Visual Studio Solution File, Format Version 12.00
# Visual Studio Version 17
VisualStudioVersion = 17.0.31903.59
MinimumVisualStudioVersion = 10.0.40219.1
Project("{FAE04EC0-301F-11D3-BF4B-00C04F79EFBC}") = "minimal-api", "Api\minimal-api.csproj", "{82906F97-413F-4F8F-B12C-630ABD8C9179}"
EndProject
Project("{FAE04EC0-301F-11D3-BF4B-00C04F79EFBC}") = "Test", "Test\Test.csproj", "{1C97EC19-7556-433F-B01B-90737E94D00F}"
EndProject
Global
	GlobalSection(SolutionConfigurationPlatforms) = preSolution
		Debug|Any CPU = Debug|Any CPU
		Release|Any CPU = Release|Any CPU
	EndGlobalSection
	GlobalSection(SolutionProperties) = preSolution
		HideSolutionNode = FALSE
	EndGlobalSection
	GlobalSection(ProjectConfigurationPlatforms) = postSolution
		{82906F97-413F-4F8F-B12C-630ABD8C9179}.Debug|Any CPU.ActiveCfg = Debug|Any CPU
		{82906F97-413F-4F8F-B12C-630ABD8C9179}.Debug|Any CPU.Build.0 = Debug|Any CPU
		{82906F97-413F-4F8F-B12C-630ABD8C9179}.Release|Any CPU.ActiveCfg = Release|Any CPU
		{82906F97-413F-4F8F-B12C-630ABD8C9179}.Release|Any CPU.Build.0 = Release|Any CPU
		{1C97EC19-7556-433F-B01B-90737E94D00F}.Debug|Any CPU.ActiveCfg = Debug|Any CPU
		{1C97EC19-7556-433F-B01B-90737E94D00F}.Debug|Any CPU.Build.0 = Debug|Any CPU
		{1C97EC19-7556-433F-B01B-90737E94D00F}.Release|Any CPU.ActiveCfg = Release|Any CPU
		{1C97EC19-7556-433F-B01B-90737E94D00F}.Release|Any CPU.Build.0 = Release|Any CPU
	EndGlobalSection
EndGlobal
