
Microsoft Visual Studio Solution File, Format Version 12.00
# Visual Studio Version 17
VisualStudioVersion = 17.5.002.0
MinimumVisualStudioVersion = 10.0.40219.1
Project("{9A19103F-16F7-4668-BE54-9A1E7A4F7556}") = "minimal-api", "minimal-api.csproj", "{E7DD6B70-14F7-4749-AABF-A8491DA3E571}"
EndProject
Global
	GlobalSection(SolutionConfigurationPlatforms) = preSolution
		Debug|Any CPU = Debug|Any CPU
		Release|Any CPU = Release|Any CPU
	EndGlobalSection
	GlobalSection(ProjectConfigurationPlatforms) = postSolution
		{E7DD6B70-14F7-4749-AABF-A8491DA3E571}.Debug|Any CPU.ActiveCfg = Debug|Any CPU
		{E7DD6B70-14F7-4749-AABF-A8491DA3E571}.Debug|Any CPU.Build.0 = Debug|Any CPU
		{E7DD6B70-14F7-4749-AABF-A8491DA3E571}.Release|Any CPU.ActiveCfg = Release|Any CPU
		{E7DD6B70-14F7-4749-AABF-A8491DA3E571}.Release|Any CPU.Build.0 = Release|Any CPU
	EndGlobalSection
	GlobalSection(SolutionProperties) = preSolution
		HideSolutionNode = FALSE
	EndGlobalSection
	GlobalSection(ExtensibilityGlobals) = postSolution
		SolutionGuid = {008D2EA9-6DB5-44F8-ADDB-A38B1A9FE00E}
	EndGlobalSection
EndGlobal
